// !$*UTF8*$!
{
	archiveVersion = 1;
	classes = {
	};
	objectVersion = 45;
	objects = {

/* Begin PBXBuildFile section */
		1D3623260D0F684500981E51 /* RandIsleAppDelegate.mm in Sources */ = {isa = PBXBuildFile; fileRef = 1D3623250D0F684500981E51 /* RandIsleAppDelegate.mm */; };
		1D60589B0D05DD56006BFB54 /* main.m in Sources */ = {isa = PBXBuildFile; fileRef = 29B97316FDCFA39411CA2CEA /* main.m */; };
		1D60589F0D05DD5A006BFB54 /* Foundation.framework in Frameworks */ = {isa = PBXBuildFile; fileRef = 1D30AB110D05D00D00671497 /* Foundation.framework */; };
		1DF5F4E00D08C38300B7A737 /* UIKit.framework in Frameworks */ = {isa = PBXBuildFile; fileRef = 1DF5F4DF0D08C38300B7A737 /* UIKit.framework */; };
		288765FD0DF74451002DB57D /* CoreGraphics.framework in Frameworks */ = {isa = PBXBuildFile; fileRef = 288765FC0DF74451002DB57D /* CoreGraphics.framework */; };
		28AD733F0D9D9553002E5188 /* MainWindow.xib in Resources */ = {isa = PBXBuildFile; fileRef = 28AD733E0D9D9553002E5188 /* MainWindow.xib */; };
		8C29FA3310078B6C008DADF1 /* AudioToolbox.framework in Frameworks */ = {isa = PBXBuildFile; fileRef = 8C29FA2F10078B6C008DADF1 /* AudioToolbox.framework */; };
		8C29FA3410078B6C008DADF1 /* OpenAL.framework in Frameworks */ = {isa = PBXBuildFile; fileRef = 8C29FA3010078B6C008DADF1 /* OpenAL.framework */; };
		8C29FA3510078B6C008DADF1 /* OpenGLES.framework in Frameworks */ = {isa = PBXBuildFile; fileRef = 8C29FA3110078B6C008DADF1 /* OpenGLES.framework */; };
		8C29FA3610078B6C008DADF1 /* QuartzCore.framework in Frameworks */ = {isa = PBXBuildFile; fileRef = 8C29FA3210078B6C008DADF1 /* QuartzCore.framework */; };
		8C35379114D20FF30068E9E0 /* frogskin1.png in Resources */ = {isa = PBXBuildFile; fileRef = 8C35379014D20FF30068E9E0 /* frogskin1.png */; };
		8C7B604F13995EFD0095C5C5 /* Acorn.cpp in Sources */ = {isa = PBXBuildFile; fileRef = 8C7B603C13995EFD0095C5C5 /* Acorn.cpp */; };
		8C7B605013995EFD0095C5C5 /* HUD.cpp in Sources */ = {isa = PBXBuildFile; fileRef = 8C7B604013995EFD0095C5C5 /* HUD.cpp */; };
		8C7B605113995EFD0095C5C5 /* PathClimber.cpp in Sources */ = {isa = PBXBuildFile; fileRef = 8C7B604213995EFD0095C5C5 /* PathClimber.cpp */; };
		8C7B605213995EFD0095C5C5 /* RandIsle.cpp in Sources */ = {isa = PBXBuildFile; fileRef = 8C7B604613995EFD0095C5C5 /* RandIsle.cpp */; };
		8C7B605313995EFD0095C5C5 /* Resources.cpp in Sources */ = {isa = PBXBuildFile; fileRef = 8C7B604813995EFD0095C5C5 /* Resources.cpp */; };
		8C7B605413995EFD0095C5C5 /* Sky.cpp in Sources */ = {isa = PBXBuildFile; fileRef = 8C7B604A13995EFD0095C5C5 /* Sky.cpp */; };
		8C7B605513995EFD0095C5C5 /* Tree.cpp in Sources */ = {isa = PBXBuildFile; fileRef = 8C7B604D13995EFD0095C5C5 /* Tree.cpp */; };
		8C7B606A13995F6E0095C5C5 /* acorn.png in Resources */ = {isa = PBXBuildFile; fileRef = 8C7B605A13995F6E0095C5C5 /* acorn.png */; };
		8C7B606B13995F6E0095C5C5 /* bark.png in Resources */ = {isa = PBXBuildFile; fileRef = 8C7B605B13995F6E0095C5C5 /* bark.png */; };
		8C7B606C13995F6E0095C5C5 /* compass.png in Resources */ = {isa = PBXBuildFile; fileRef = 8C7B605C13995F6E0095C5C5 /* compass.png */; };
		8C7B606D13995F6E0095C5C5 /* crunch.wav in Resources */ = {isa = PBXBuildFile; fileRef = 8C7B605D13995F6E0095C5C5 /* crunch.wav */; };
		8C7B606E13995F6E0095C5C5 /* dog.wav in Resources */ = {isa = PBXBuildFile; fileRef = 8C7B605E13995F6E0095C5C5 /* dog.wav */; };
		8C7B606F13995F6E0095C5C5 /* frog.xmsh in Resources */ = {isa = PBXBuildFile; fileRef = 8C7B605F13995F6E0095C5C5 /* frog.xmsh */; };
		8C7B607113995F6E0095C5C5 /* grass.png in Resources */ = {isa = PBXBuildFile; fileRef = 8C7B606113995F6E0095C5C5 /* grass.png */; };
		8C7B607213995F6E0095C5C5 /* leaf_bottom1_alpha.png in Resources */ = {isa = PBXBuildFile; fileRef = 8C7B606213995F6E0095C5C5 /* leaf_bottom1_alpha.png */; };
		8C7B607313995F6E0095C5C5 /* leaf_bottom1_bump.png in Resources */ = {isa = PBXBuildFile; fileRef = 8C7B606313995F6E0095C5C5 /* leaf_bottom1_bump.png */; };
		8C7B607413995F6E0095C5C5 /* leaf_top1_alpha.png in Resources */ = {isa = PBXBuildFile; fileRef = 8C7B606413995F6E0095C5C5 /* leaf_top1_alpha.png */; };
		8C7B607513995F6E0095C5C5 /* leaf_top1_bump.png in Resources */ = {isa = PBXBuildFile; fileRef = 8C7B606513995F6E0095C5C5 /* leaf_top1_bump.png */; };
		8C7B607613995F6E0095C5C5 /* Pinewood.ttf in Resources */ = {isa = PBXBuildFile; fileRef = 8C7B606613995F6E0095C5C5 /* Pinewood.ttf */; };
		8C7B607713995F6E0095C5C5 /* Resource License.txt in Resources */ = {isa = PBXBuildFile; fileRef = 8C7B606713995F6E0095C5C5 /* Resource License.txt */; };
		8C7B607813995F6E0095C5C5 /* rustle.wav in Resources */ = {isa = PBXBuildFile; fileRef = 8C7B606813995F6E0095C5C5 /* rustle.wav */; };
		8C7B607913995F6E0095C5C5 /* shark.wav in Resources */ = {isa = PBXBuildFile; fileRef = 8C7B606913995F6E0095C5C5 /* shark.wav */; };
		8C8E21F413D9F79000351C50 /* MainWindow-iPad.xib in Resources */ = {isa = PBXBuildFile; fileRef = 8C8E21F313D9F79000351C50 /* MainWindow-iPad.xib */; };
		8CCB5E9814D2371E001D1018 /* frog.tmsh in Resources */ = {isa = PBXBuildFile; fileRef = 8CCB5E9514D2371E001D1018 /* frog.tmsh */; };
		8CCB5E9914D2371E001D1018 /* rock.png in Resources */ = {isa = PBXBuildFile; fileRef = 8CCB5E9614D2371E001D1018 /* rock.png */; };
		8CCB5E9A14D2371E001D1018 /* seafloor.png in Resources */ = {isa = PBXBuildFile; fileRef = 8CCB5E9714D2371E001D1018 /* seafloor.png */; };
		8CF6BE19105A74230001E399 /* SystemConfiguration.framework in Frameworks */ = {isa = PBXBuildFile; fileRef = 8CF6BE18105A74230001E399 /* SystemConfiguration.framework */; };
/* End PBXBuildFile section */

/* Begin PBXFileReference section */
		1D30AB110D05D00D00671497 /* Foundation.framework */ = {isa = PBXFileReference; lastKnownFileType = wrapper.framework; name = Foundation.framework; path = System/Library/Frameworks/Foundation.framework; sourceTree = SDKROOT; };
		1D3623240D0F684500981E51 /* RandIsleAppDelegate.h */ = {isa = PBXFileReference; fileEncoding = 4; lastKnownFileType = sourcecode.c.h; name = RandIsleAppDelegate.h; path = Classes/RandIsleAppDelegate.h; sourceTree = "<group>"; };
		1D3623250D0F684500981E51 /* RandIsleAppDelegate.mm */ = {isa = PBXFileReference; fileEncoding = 4; lastKnownFileType = sourcecode.cpp.objcpp; name = RandIsleAppDelegate.mm; path = Classes/RandIsleAppDelegate.mm; sourceTree = "<group>"; };
		1D6058910D05DD3D006BFB54 /* RandIsle.app */ = {isa = PBXFileReference; explicitFileType = wrapper.application; includeInIndex = 0; path = RandIsle.app; sourceTree = BUILT_PRODUCTS_DIR; };
		1DF5F4DF0D08C38300B7A737 /* UIKit.framework */ = {isa = PBXFileReference; lastKnownFileType = wrapper.framework; name = UIKit.framework; path = System/Library/Frameworks/UIKit.framework; sourceTree = SDKROOT; };
		288765FC0DF74451002DB57D /* CoreGraphics.framework */ = {isa = PBXFileReference; lastKnownFileType = wrapper.framework; name = CoreGraphics.framework; path = System/Library/Frameworks/CoreGraphics.framework; sourceTree = SDKROOT; };
		28AD733E0D9D9553002E5188 /* MainWindow.xib */ = {isa = PBXFileReference; lastKnownFileType = file.xib; path = MainWindow.xib; sourceTree = "<group>"; };
		29B97316FDCFA39411CA2CEA /* main.m */ = {isa = PBXFileReference; fileEncoding = 4; lastKnownFileType = sourcecode.c.objc; path = main.m; sourceTree = "<group>"; };
		32CA4F630368D1EE00C91783 /* RandIsle_Prefix.pch */ = {isa = PBXFileReference; fileEncoding = 4; lastKnownFileType = sourcecode.c.h; path = RandIsle_Prefix.pch; sourceTree = "<group>"; };
		8C29FA2F10078B6C008DADF1 /* AudioToolbox.framework */ = {isa = PBXFileReference; lastKnownFileType = wrapper.framework; name = AudioToolbox.framework; path = System/Library/Frameworks/AudioToolbox.framework; sourceTree = SDKROOT; };
		8C29FA3010078B6C008DADF1 /* OpenAL.framework */ = {isa = PBXFileReference; lastKnownFileType = wrapper.framework; name = OpenAL.framework; path = System/Library/Frameworks/OpenAL.framework; sourceTree = SDKROOT; };
		8C29FA3110078B6C008DADF1 /* OpenGLES.framework */ = {isa = PBXFileReference; lastKnownFileType = wrapper.framework; name = OpenGLES.framework; path = System/Library/Frameworks/OpenGLES.framework; sourceTree = SDKROOT; };
		8C29FA3210078B6C008DADF1 /* QuartzCore.framework */ = {isa = PBXFileReference; lastKnownFileType = wrapper.framework; name = QuartzCore.framework; path = System/Library/Frameworks/QuartzCore.framework; sourceTree = SDKROOT; };
		8C35379014D20FF30068E9E0 /* frogskin1.png */ = {isa = PBXFileReference; lastKnownFileType = image.png; name = frogskin1.png; path = ../res/frogskin1.png; sourceTree = SOURCE_ROOT; };
		8C7B603C13995EFD0095C5C5 /* Acorn.cpp */ = {isa = PBXFileReference; fileEncoding = 4; lastKnownFileType = sourcecode.cpp.cpp; name = Acorn.cpp; path = ../src/Acorn.cpp; sourceTree = SOURCE_ROOT; };
		8C7B603D13995EFD0095C5C5 /* Acorn.h */ = {isa = PBXFileReference; fileEncoding = 4; lastKnownFileType = sourcecode.c.h; name = Acorn.h; path = ../src/Acorn.h; sourceTree = SOURCE_ROOT; };
		8C7B603E13995EFD0095C5C5 /* BranchSystem.h */ = {isa = PBXFileReference; fileEncoding = 4; lastKnownFileType = sourcecode.c.h; name = BranchSystem.h; path = ../src/BranchSystem.h; sourceTree = SOURCE_ROOT; };
		8C7B603F13995EFD0095C5C5 /* GroundProjector.h */ = {isa = PBXFileReference; fileEncoding = 4; lastKnownFileType = sourcecode.c.h; name = GroundProjector.h; path = ../src/GroundProjector.h; sourceTree = SOURCE_ROOT; };
		8C7B604013995EFD0095C5C5 /* HUD.cpp */ = {isa = PBXFileReference; fileEncoding = 4; lastKnownFileType = sourcecode.cpp.cpp; name = HUD.cpp; path = ../src/HUD.cpp; sourceTree = SOURCE_ROOT; };
		8C7B604113995EFD0095C5C5 /* HUD.h */ = {isa = PBXFileReference; fileEncoding = 4; lastKnownFileType = sourcecode.c.h; name = HUD.h; path = ../src/HUD.h; sourceTree = SOURCE_ROOT; };
		8C7B604213995EFD0095C5C5 /* PathClimber.cpp */ = {isa = PBXFileReference; fileEncoding = 4; lastKnownFileType = sourcecode.cpp.cpp; name = PathClimber.cpp; path = ../src/PathClimber.cpp; sourceTree = SOURCE_ROOT; };
		8C7B604313995EFD0095C5C5 /* PathClimber.h */ = {isa = PBXFileReference; fileEncoding = 4; lastKnownFileType = sourcecode.c.h; name = PathClimber.h; path = ../src/PathClimber.h; sourceTree = SOURCE_ROOT; };
		8C7B604413995EFD0095C5C5 /* PathClimberListener.h */ = {isa = PBXFileReference; fileEncoding = 4; lastKnownFileType = sourcecode.c.h; name = PathClimberListener.h; path = ../src/PathClimberListener.h; sourceTree = SOURCE_ROOT; };
		8C7B604513995EFD0095C5C5 /* PathSystem.h */ = {isa = PBXFileReference; fileEncoding = 4; lastKnownFileType = sourcecode.c.h; name = PathSystem.h; path = ../src/PathSystem.h; sourceTree = SOURCE_ROOT; };
		8C7B604613995EFD0095C5C5 /* RandIsle.cpp */ = {isa = PBXFileReference; fileEncoding = 4; lastKnownFileType = sourcecode.cpp.cpp; name = RandIsle.cpp; path = ../src/RandIsle.cpp; sourceTree = SOURCE_ROOT; };
		8C7B604713995EFD0095C5C5 /* RandIsle.h */ = {isa = PBXFileReference; fileEncoding = 4; lastKnownFileType = sourcecode.c.h; name = RandIsle.h; path = ../src/RandIsle.h; sourceTree = SOURCE_ROOT; };
		8C7B604813995EFD0095C5C5 /* Resources.cpp */ = {isa = PBXFileReference; fileEncoding = 4; lastKnownFileType = sourcecode.cpp.cpp; name = Resources.cpp; path = ../src/Resources.cpp; sourceTree = SOURCE_ROOT; };
		8C7B604913995EFD0095C5C5 /* Resources.h */ = {isa = PBXFileReference; fileEncoding = 4; lastKnownFileType = sourcecode.c.h; name = Resources.h; path = ../src/Resources.h; sourceTree = SOURCE_ROOT; };
		8C7B604A13995EFD0095C5C5 /* Sky.cpp */ = {isa = PBXFileReference; fileEncoding = 4; lastKnownFileType = sourcecode.cpp.cpp; name = Sky.cpp; path = ../src/Sky.cpp; sourceTree = SOURCE_ROOT; };
		8C7B604B13995EFD0095C5C5 /* Sky.h */ = {isa = PBXFileReference; fileEncoding = 4; lastKnownFileType = sourcecode.c.h; name = Sky.h; path = ../src/Sky.h; sourceTree = SOURCE_ROOT; };
		8C7B604C13995EFD0095C5C5 /* SmoothFollower.h */ = {isa = PBXFileReference; fileEncoding = 4; lastKnownFileType = sourcecode.c.h; name = SmoothFollower.h; path = ../src/SmoothFollower.h; sourceTree = SOURCE_ROOT; };
		8C7B604D13995EFD0095C5C5 /* Tree.cpp */ = {isa = PBXFileReference; fileEncoding = 4; lastKnownFileType = sourcecode.cpp.cpp; name = Tree.cpp; path = ../src/Tree.cpp; sourceTree = SOURCE_ROOT; };
		8C7B604E13995EFD0095C5C5 /* Tree.h */ = {isa = PBXFileReference; fileEncoding = 4; lastKnownFileType = sourcecode.c.h; name = Tree.h; path = ../src/Tree.h; sourceTree = SOURCE_ROOT; };
		8C7B605A13995F6E0095C5C5 /* acorn.png */ = {isa = PBXFileReference; lastKnownFileType = image.png; name = acorn.png; path = ../res/acorn.png; sourceTree = SOURCE_ROOT; };
		8C7B605B13995F6E0095C5C5 /* bark.png */ = {isa = PBXFileReference; lastKnownFileType = image.png; name = bark.png; path = ../res/bark.png; sourceTree = SOURCE_ROOT; };
		8C7B605C13995F6E0095C5C5 /* compass.png */ = {isa = PBXFileReference; lastKnownFileType = image.png; name = compass.png; path = ../res/compass.png; sourceTree = SOURCE_ROOT; };
		8C7B605D13995F6E0095C5C5 /* crunch.wav */ = {isa = PBXFileReference; lastKnownFileType = audio.wav; name = crunch.wav; path = ../res/crunch.wav; sourceTree = SOURCE_ROOT; };
		8C7B605E13995F6E0095C5C5 /* dog.wav */ = {isa = PBXFileReference; lastKnownFileType = audio.wav; name = dog.wav; path = ../res/dog.wav; sourceTree = SOURCE_ROOT; };
		8C7B605F13995F6E0095C5C5 /* frog.xmsh */ = {isa = PBXFileReference; fileEncoding = 4; lastKnownFileType = text; name = frog.xmsh; path = ../res/frog.xmsh; sourceTree = SOURCE_ROOT; };
		8C7B606113995F6E0095C5C5 /* grass.png */ = {isa = PBXFileReference; lastKnownFileType = image.png; name = grass.png; path = ../res/grass.png; sourceTree = SOURCE_ROOT; };
		8C7B606213995F6E0095C5C5 /* leaf_bottom1_alpha.png */ = {isa = PBXFileReference; lastKnownFileType = image.png; name = leaf_bottom1_alpha.png; path = ../res/leaf_bottom1_alpha.png; sourceTree = SOURCE_ROOT; };
		8C7B606313995F6E0095C5C5 /* leaf_bottom1_bump.png */ = {isa = PBXFileReference; lastKnownFileType = image.png; name = leaf_bottom1_bump.png; path = ../res/leaf_bottom1_bump.png; sourceTree = SOURCE_ROOT; };
		8C7B606413995F6E0095C5C5 /* leaf_top1_alpha.png */ = {isa = PBXFileReference; lastKnownFileType = image.png; name = leaf_top1_alpha.png; path = ../res/leaf_top1_alpha.png; sourceTree = SOURCE_ROOT; };
		8C7B606513995F6E0095C5C5 /* leaf_top1_bump.png */ = {isa = PBXFileReference; lastKnownFileType = image.png; name = leaf_top1_bump.png; path = ../res/leaf_top1_bump.png; sourceTree = SOURCE_ROOT; };
		8C7B606613995F6E0095C5C5 /* Pinewood.ttf */ = {isa = PBXFileReference; lastKnownFileType = file; name = Pinewood.ttf; path = ../res/Pinewood.ttf; sourceTree = SOURCE_ROOT; };
		8C7B606713995F6E0095C5C5 /* Resource License.txt */ = {isa = PBXFileReference; fileEncoding = 4; lastKnownFileType = text; name = "Resource License.txt"; path = "../res/Resource License.txt"; sourceTree = SOURCE_ROOT; };
		8C7B606813995F6E0095C5C5 /* rustle.wav */ = {isa = PBXFileReference; lastKnownFileType = audio.wav; name = rustle.wav; path = ../res/rustle.wav; sourceTree = SOURCE_ROOT; };
		8C7B606913995F6E0095C5C5 /* shark.wav */ = {isa = PBXFileReference; lastKnownFileType = audio.wav; name = shark.wav; path = ../res/shark.wav; sourceTree = SOURCE_ROOT; };
		8C8E21F313D9F79000351C50 /* MainWindow-iPad.xib */ = {isa = PBXFileReference; lastKnownFileType = file.xib; path = "MainWindow-iPad.xib"; sourceTree = "<group>"; };
		8CCB5E9514D2371E001D1018 /* frog.tmsh */ = {isa = PBXFileReference; lastKnownFileType = file; name = frog.tmsh; path = ../res/frog.tmsh; sourceTree = SOURCE_ROOT; };
		8CCB5E9614D2371E001D1018 /* rock.png */ = {isa = PBXFileReference; lastKnownFileType = image.png; name = rock.png; path = ../res/rock.png; sourceTree = SOURCE_ROOT; };
		8CCB5E9714D2371E001D1018 /* seafloor.png */ = {isa = PBXFileReference; lastKnownFileType = image.png; name = seafloor.png; path = ../res/seafloor.png; sourceTree = SOURCE_ROOT; };
		8CF6BE18105A74230001E399 /* SystemConfiguration.framework */ = {isa = PBXFileReference; lastKnownFileType = wrapper.framework; name = SystemConfiguration.framework; path = System/Library/Frameworks/SystemConfiguration.framework; sourceTree = SDKROOT; };
		8D1107310486CEB800E47090 /* RandIsle-Info.plist */ = {isa = PBXFileReference; fileEncoding = 4; lastKnownFileType = text.plist.xml; path = "RandIsle-Info.plist"; plistStructureDefinitionIdentifier = "com.apple.xcode.plist.structure-definition.iphone.info-plist"; sourceTree = "<group>"; };
/* End PBXFileReference section */

/* Begin PBXFrameworksBuildPhase section */
		1D60588F0D05DD3D006BFB54 /* Frameworks */ = {
			isa = PBXFrameworksBuildPhase;
			buildActionMask = 2147483647;
			files = (
				1D60589F0D05DD5A006BFB54 /* Foundation.framework in Frameworks */,
				1DF5F4E00D08C38300B7A737 /* UIKit.framework in Frameworks */,
				288765FD0DF74451002DB57D /* CoreGraphics.framework in Frameworks */,
				8C29FA3310078B6C008DADF1 /* AudioToolbox.framework in Frameworks */,
				8C29FA3410078B6C008DADF1 /* OpenAL.framework in Frameworks */,
				8C29FA3510078B6C008DADF1 /* OpenGLES.framework in Frameworks */,
				8C29FA3610078B6C008DADF1 /* QuartzCore.framework in Frameworks */,
				8CF6BE19105A74230001E399 /* SystemConfiguration.framework in Frameworks */,
			);
			runOnlyForDeploymentPostprocessing = 0;
		};
/* End PBXFrameworksBuildPhase section */

/* Begin PBXGroup section */
		080E96DDFE201D6D7F000001 /* Classes */ = {
			isa = PBXGroup;
			children = (
				8C7B603C13995EFD0095C5C5 /* Acorn.cpp */,
				8C7B603D13995EFD0095C5C5 /* Acorn.h */,
				8C7B603E13995EFD0095C5C5 /* BranchSystem.h */,
				8C7B603F13995EFD0095C5C5 /* GroundProjector.h */,
				8C7B604013995EFD0095C5C5 /* HUD.cpp */,
				8C7B604113995EFD0095C5C5 /* HUD.h */,
				8C7B604213995EFD0095C5C5 /* PathClimber.cpp */,
				8C7B604313995EFD0095C5C5 /* PathClimber.h */,
				8C7B604413995EFD0095C5C5 /* PathClimberListener.h */,
				8C7B604513995EFD0095C5C5 /* PathSystem.h */,
				8C7B604613995EFD0095C5C5 /* RandIsle.cpp */,
				8C7B604713995EFD0095C5C5 /* RandIsle.h */,
				8C7B604813995EFD0095C5C5 /* Resources.cpp */,
				8C7B604913995EFD0095C5C5 /* Resources.h */,
				8C7B604A13995EFD0095C5C5 /* Sky.cpp */,
				8C7B604B13995EFD0095C5C5 /* Sky.h */,
				8C7B604C13995EFD0095C5C5 /* SmoothFollower.h */,
				8C7B604D13995EFD0095C5C5 /* Tree.cpp */,
				8C7B604E13995EFD0095C5C5 /* Tree.h */,
			);
			path = Classes;
			sourceTree = "<group>";
		};
		19C28FACFE9D520D11CA2CBB /* Products */ = {
			isa = PBXGroup;
			children = (
				1D6058910D05DD3D006BFB54 /* RandIsle.app */,
			);
			name = Products;
			sourceTree = "<group>";
		};
		29B97314FDCFA39411CA2CEA /* CustomTemplate */ = {
			isa = PBXGroup;
			children = (
				080E96DDFE201D6D7F000001 /* Classes */,
				29B97315FDCFA39411CA2CEA /* Other Sources */,
				29B97317FDCFA39411CA2CEA /* Resources */,
				29B97323FDCFA39411CA2CEA /* Frameworks */,
				19C28FACFE9D520D11CA2CBB /* Products */,
			);
			name = CustomTemplate;
			sourceTree = "<group>";
		};
		29B97315FDCFA39411CA2CEA /* Other Sources */ = {
			isa = PBXGroup;
			children = (
				1D3623240D0F684500981E51 /* RandIsleAppDelegate.h */,
				1D3623250D0F684500981E51 /* RandIsleAppDelegate.mm */,
				32CA4F630368D1EE00C91783 /* RandIsle_Prefix.pch */,
				29B97316FDCFA39411CA2CEA /* main.m */,
			);
			name = "Other Sources";
			sourceTree = "<group>";
		};
		29B97317FDCFA39411CA2CEA /* Resources */ = {
			isa = PBXGroup;
			children = (
				8CCB5E9514D2371E001D1018 /* frog.tmsh */,
				8CCB5E9614D2371E001D1018 /* rock.png */,
				8CCB5E9714D2371E001D1018 /* seafloor.png */,
				8C35379014D20FF30068E9E0 /* frogskin1.png */,
				8C8E21F313D9F79000351C50 /* MainWindow-iPad.xib */,
				8C7B605A13995F6E0095C5C5 /* acorn.png */,
				8C7B605B13995F6E0095C5C5 /* bark.png */,
				8C7B605C13995F6E0095C5C5 /* compass.png */,
				8C7B605D13995F6E0095C5C5 /* crunch.wav */,
				8C7B605E13995F6E0095C5C5 /* dog.wav */,
				8C7B605F13995F6E0095C5C5 /* frog.xmsh */,
				8C7B606113995F6E0095C5C5 /* grass.png */,
				8C7B606213995F6E0095C5C5 /* leaf_bottom1_alpha.png */,
				8C7B606313995F6E0095C5C5 /* leaf_bottom1_bump.png */,
				8C7B606413995F6E0095C5C5 /* leaf_top1_alpha.png */,
				8C7B606513995F6E0095C5C5 /* leaf_top1_bump.png */,
				8C7B606613995F6E0095C5C5 /* Pinewood.ttf */,
				8C7B606713995F6E0095C5C5 /* Resource License.txt */,
				8C7B606813995F6E0095C5C5 /* rustle.wav */,
				8C7B606913995F6E0095C5C5 /* shark.wav */,
				28AD733E0D9D9553002E5188 /* MainWindow.xib */,
				8D1107310486CEB800E47090 /* RandIsle-Info.plist */,
			);
			name = Resources;
			sourceTree = "<group>";
		};
		29B97323FDCFA39411CA2CEA /* Frameworks */ = {
			isa = PBXGroup;
			children = (
				8CF6BE18105A74230001E399 /* SystemConfiguration.framework */,
				8C29FA2F10078B6C008DADF1 /* AudioToolbox.framework */,
				8C29FA3010078B6C008DADF1 /* OpenAL.framework */,
				8C29FA3110078B6C008DADF1 /* OpenGLES.framework */,
				8C29FA3210078B6C008DADF1 /* QuartzCore.framework */,
				1DF5F4DF0D08C38300B7A737 /* UIKit.framework */,
				1D30AB110D05D00D00671497 /* Foundation.framework */,
				288765FC0DF74451002DB57D /* CoreGraphics.framework */,
			);
			name = Frameworks;
			sourceTree = "<group>";
		};
/* End PBXGroup section */

/* Begin PBXNativeTarget section */
		1D6058900D05DD3D006BFB54 /* RandIsle */ = {
			isa = PBXNativeTarget;
			buildConfigurationList = 1D6058960D05DD3E006BFB54 /* Build configuration list for PBXNativeTarget "RandIsle" */;
			buildPhases = (
				1D60588D0D05DD3D006BFB54 /* Resources */,
				1D60588E0D05DD3D006BFB54 /* Sources */,
				1D60588F0D05DD3D006BFB54 /* Frameworks */,
			);
			buildRules = (
			);
			dependencies = (
			);
			name = RandIsle;
			productName = RandIsle;
			productReference = 1D6058910D05DD3D006BFB54 /* RandIsle.app */;
			productType = "com.apple.product-type.application";
		};
/* End PBXNativeTarget section */

/* Begin PBXProject section */
		29B97313FDCFA39411CA2CEA /* Project object */ = {
			isa = PBXProject;
			buildConfigurationList = C01FCF4E08A954540054247B /* Build configuration list for PBXProject "RandIsle" */;
			compatibilityVersion = "Xcode 3.1";
			developmentRegion = English;
			hasScannedForEncodings = 1;
			knownRegions = (
				English,
				Japanese,
				French,
				German,
			);
			mainGroup = 29B97314FDCFA39411CA2CEA /* CustomTemplate */;
			projectDirPath = "";
			projectRoot = "";
			targets = (
				1D6058900D05DD3D006BFB54 /* RandIsle */,
			);
		};
/* End PBXProject section */

/* Begin PBXResourcesBuildPhase section */
		1D60588D0D05DD3D006BFB54 /* Resources */ = {
			isa = PBXResourcesBuildPhase;
			buildActionMask = 2147483647;
			files = (
				28AD733F0D9D9553002E5188 /* MainWindow.xib in Resources */,
				8C7B606A13995F6E0095C5C5 /* acorn.png in Resources */,
				8C7B606B13995F6E0095C5C5 /* bark.png in Resources */,
				8C7B606C13995F6E0095C5C5 /* compass.png in Resources */,
				8C7B606D13995F6E0095C5C5 /* crunch.wav in Resources */,
				8C7B606E13995F6E0095C5C5 /* dog.wav in Resources */,
				8C7B606F13995F6E0095C5C5 /* frog.xmsh in Resources */,
				8C7B607113995F6E0095C5C5 /* grass.png in Resources */,
				8C7B607213995F6E0095C5C5 /* leaf_bottom1_alpha.png in Resources */,
				8C7B607313995F6E0095C5C5 /* leaf_bottom1_bump.png in Resources */,
				8C7B607413995F6E0095C5C5 /* leaf_top1_alpha.png in Resources */,
				8C7B607513995F6E0095C5C5 /* leaf_top1_bump.png in Resources */,
				8C7B607613995F6E0095C5C5 /* Pinewood.ttf in Resources */,
				8C7B607713995F6E0095C5C5 /* Resource License.txt in Resources */,
				8C7B607813995F6E0095C5C5 /* rustle.wav in Resources */,
				8C7B607913995F6E0095C5C5 /* shark.wav in Resources */,
				8C8E21F413D9F79000351C50 /* MainWindow-iPad.xib in Resources */,
				8C35379114D20FF30068E9E0 /* frogskin1.png in Resources */,
				8CCB5E9814D2371E001D1018 /* frog.tmsh in Resources */,
				8CCB5E9914D2371E001D1018 /* rock.png in Resources */,
				8CCB5E9A14D2371E001D1018 /* seafloor.png in Resources */,
			);
			runOnlyForDeploymentPostprocessing = 0;
		};
/* End PBXResourcesBuildPhase section */

/* Begin PBXSourcesBuildPhase section */
		1D60588E0D05DD3D006BFB54 /* Sources */ = {
			isa = PBXSourcesBuildPhase;
			buildActionMask = 2147483647;
			files = (
				1D60589B0D05DD56006BFB54 /* main.m in Sources */,
				1D3623260D0F684500981E51 /* RandIsleAppDelegate.mm in Sources */,
				8C7B604F13995EFD0095C5C5 /* Acorn.cpp in Sources */,
				8C7B605013995EFD0095C5C5 /* HUD.cpp in Sources */,
				8C7B605113995EFD0095C5C5 /* PathClimber.cpp in Sources */,
				8C7B605213995EFD0095C5C5 /* RandIsle.cpp in Sources */,
				8C7B605313995EFD0095C5C5 /* Resources.cpp in Sources */,
				8C7B605413995EFD0095C5C5 /* Sky.cpp in Sources */,
				8C7B605513995EFD0095C5C5 /* Tree.cpp in Sources */,
			);
			runOnlyForDeploymentPostprocessing = 0;
		};
/* End PBXSourcesBuildPhase section */

/* Begin XCBuildConfiguration section */
		1D6058940D05DD3E006BFB54 /* Debug */ = {
			isa = XCBuildConfiguration;
			buildSettings = {
				ALWAYS_SEARCH_USER_PATHS = NO;
				ARCHS = "$(ARCHS_STANDARD_32_BIT)";
				BUNDLE_IDENTIFIER = com.lightningtoads.randisle;
				COPY_PHASE_STRIP = NO;
				GCC_DYNAMIC_NO_PIC = NO;
				GCC_OPTIMIZATION_LEVEL = 0;
				GCC_PRECOMPILE_PREFIX_HEADER = YES;
				GCC_PREFIX_HEADER = RandIsle_Prefix.pch;
				ICON_FILE = shovestuff.png;
				INFOPLIST_FILE = "RandIsle-Info.plist";
				LIBRARY_SEARCH_PATHS = "$(inherited)";
				PRODUCT_NAME = RandIsle;
				SDKROOT = iphoneos;
				TARGETED_DEVICE_FAMILY = "1,2";
			};
			name = Debug;
		};
		1D6058950D05DD3E006BFB54 /* Release */ = {
			isa = XCBuildConfiguration;
			buildSettings = {
				ALWAYS_SEARCH_USER_PATHS = NO;
				ARCHS = "$(ARCHS_STANDARD_32_BIT)";
				BUNDLE_IDENTIFIER = com.lightningtoads.randisle;
				COPY_PHASE_STRIP = YES;
				GCC_PRECOMPILE_PREFIX_HEADER = YES;
				GCC_PREFIX_HEADER = RandIsle_Prefix.pch;
				ICON_FILE = shovestuff.png;
				INFOPLIST_FILE = "RandIsle-Info.plist";
				LIBRARY_SEARCH_PATHS = "$(inherited)";
				PRODUCT_NAME = RandIsle;
				SDKROOT = iphoneos;
				TARGETED_DEVICE_FAMILY = "1,2";
			};
			name = Release;
		};
		8C5590A61057E8F50002B46F /* Distribution */ = {
			isa = XCBuildConfiguration;
			buildSettings = {
				ARCHS = "$(ARCHS_STANDARD_32_BIT)";
				GCC_C_LANGUAGE_STANDARD = c99;
				GCC_INPUT_FILETYPE = sourcecode.cpp.objcpp;
				GCC_WARN_ABOUT_RETURN_TYPE = YES;
				GCC_WARN_UNUSED_VARIABLE = YES;
				OTHER_CFLAGS = "";
				OTHER_LDFLAGS = (
					"-ltoadlet_pad_s",
					"-ltoadlet_ribbit_alplayer_s",
					"-ltoadlet_peeper_glrenderer_s",
					"-ltoadlet_tadpole_hop_s",
					"-ltoadlet_tadpole_s",
					"-ltoadlet_knot_s",
					"-ltoadlet_peeper_s",
					"-ltoadlet_ribbit_s",
					"-ltoadlet_hop_s",
					"-ltoadlet_egg_s",
				);
				PREBINDING = NO;
				SDKROOT = iphoneos3.0;
			};
			name = Distribution;
		};
		8C5590A71057E8F50002B46F /* Distribution */ = {
			isa = XCBuildConfiguration;
			buildSettings = {
				ALWAYS_SEARCH_USER_PATHS = NO;
				ARCHS = "$(ARCHS_STANDARD_32_BIT)";
				BUNDLE_IDENTIFIER = com.lightningtoads.randisle;
				COPY_PHASE_STRIP = YES;
				GCC_PRECOMPILE_PREFIX_HEADER = YES;
				GCC_PREFIX_HEADER = RandIsle_Prefix.pch;
				ICON_FILE = shovestuff.png;
				INFOPLIST_FILE = "RandIsle-Info.plist";
				LIBRARY_SEARCH_PATHS = "$(inherited)";
				PRODUCT_NAME = RandIsle;
				SDKROOT = iphoneos;
				TARGETED_DEVICE_FAMILY = "1,2";
			};
			name = Distribution;
		};
		C01FCF4F08A954540054247B /* Debug */ = {
			isa = XCBuildConfiguration;
			buildSettings = {
				ARCHS = "$(ARCHS_STANDARD_32_BIT)";
				CODE_SIGN_ENTITLEMENTS = "";
				CODE_SIGN_IDENTITY = "iPhone Developer";
				GCC_C_LANGUAGE_STANDARD = c99;
				GCC_INPUT_FILETYPE = sourcecode.cpp.objcpp;
				GCC_VERSION = com.apple.compilers.llvmgcc42;
				GCC_WARN_ABOUT_RETURN_TYPE = YES;
				GCC_WARN_UNUSED_VARIABLE = YES;
				HEADER_SEARCH_PATHS = "~/ios/include";
				IPHONEOS_DEPLOYMENT_TARGET = 3.0;
				LIBRARY_SEARCH_PATHS = "~/ios/lib";
				OTHER_CFLAGS = "-DTOADLET_DEBUG";
				OTHER_LDFLAGS = (
					"-ltoadlet_flick_iosmotiondevice_sd",
					"-ltoadlet_ribbit_alaudiodevice_sd",
					"-ltoadlet_peeper_glrenderdevice_sd",
					"-ltoadlet_tadpole_hop_sd",
					"-ltoadlet_pad_sd",
					"-ltoadlet_flick_sd",
					"-ltoadlet_tadpole_sd",
					"-ltoadlet_knot_sd",
					"-ltoadlet_hop_sd",
					"-ltoadlet_peeper_sd",
					"-ltoadlet_ribbit_sd",
					"-ltoadlet_egg_sd",
				);
				PREBINDING = NO;
				PROVISIONING_PROFILE = "";
				SDKROOT = iphoneos4.2;
			};
			name = Debug;
		};
		C01FCF5008A954540054247B /* Release */ = {
			isa = XCBuildConfiguration;
			buildSettings = {
				ARCHS = "$(ARCHS_STANDARD_32_BIT)";
				CODE_SIGN_IDENTITY = "iPhone Developer";
				GCC_C_LANGUAGE_STANDARD = c99;
				GCC_INPUT_FILETYPE = sourcecode.cpp.objcpp;
				GCC_VERSION = com.apple.compilers.llvmgcc42;
				GCC_WARN_ABOUT_RETURN_TYPE = YES;
				GCC_WARN_UNUSED_VARIABLE = YES;
				HEADER_SEARCH_PATHS = "~/ios/include";
				IPHONEOS_DEPLOYMENT_TARGET = 3.0;
				LIBRARY_SEARCH_PATHS = "~/ios/lib";
				OTHER_LDFLAGS = (
					"-ltoadlet_flick_iosmotiondevice_s",
					"-ltoadlet_pad_s",
					"-ltoadlet_ribbit_alaudiodevice_s",
					"-ltoadlet_peeper_glrenderdevice_s",
					"-ltoadlet_tadpole_hop_s",
					"-ltoadlet_tadpole_s",
					"-ltoadlet_flick_s",
					"-ltoadlet_knot_s",
					"-ltoadlet_peeper_s",
					"-ltoadlet_ribbit_s",
					"-ltoadlet_hop_s",
					"-ltoadlet_egg_s",
				);
				PREBINDING = NO;
				PROVISIONING_PROFILE = "";
				SDKROOT = iphoneos4.2;
			};
			name = Release;
		};
/* End XCBuildConfiguration section */

/* Begin XCConfigurationList section */
		1D6058960D05DD3E006BFB54 /* Build configuration list for PBXNativeTarget "RandIsle" */ = {
			isa = XCConfigurationList;
			buildConfigurations = (
				1D6058940D05DD3E006BFB54 /* Debug */,
				1D6058950D05DD3E006BFB54 /* Release */,
				8C5590A71057E8F50002B46F /* Distribution */,
			);
			defaultConfigurationIsVisible = 0;
			defaultConfigurationName = Release;
		};
		C01FCF4E08A954540054247B /* Build configuration list for PBXProject "RandIsle" */ = {
			isa = XCConfigurationList;
			buildConfigurations = (
				C01FCF4F08A954540054247B /* Debug */,
				C01FCF5008A954540054247B /* Release */,
				8C5590A61057E8F50002B46F /* Distribution */,
			);
			defaultConfigurationIsVisible = 0;
			defaultConfigurationName = Release;
		};
/* End XCConfigurationList section */
	};
	rootObject = 29B97313FDCFA39411CA2CEA /* Project object */;
}
