
Microsoft Visual Studio Solution File, Format Version 9.00
# Visual Studio 2005
Project("{8BC9CEB8-8B4A-11D0-8D11-00A0C91BC942}") = "artoadlet", "artoadlet.vcproj", "{2EF49F99-3522-4748-9BF8-113648D2D8CC}"
EndProject
Global
	GlobalSection(SolutionConfigurationPlatforms) = preSolution
		Debug|Win32 = Debug|Win32
		Release|Win32 = Release|Win32
	EndGlobalSection
	GlobalSection(ProjectConfigurationPlatforms) = postSolution
		{2EF49F99-3522-4748-9BF8-113648D2D8CC}.Debug|Win32.ActiveCfg = Debug|Win32
		{2EF49F99-3522-4748-9BF8-113648D2D8CC}.Debug|Win32.Build.0 = Debug|Win32
		{2EF49F99-3522-4748-9BF8-113648D2D8CC}.Release|Win32.ActiveCfg = Release|Win32
		{2EF49F99-3522-4748-9BF8-113648D2D8CC}.Release|Win32.Build.0 = Release|Win32
	EndGlobalSection
	GlobalSection(SolutionProperties) = preSolution
		HideSolutionNode = FALSE
	EndGlobalSection
EndGlobal
